
Microsoft Visual Studio Solution File, Format Version 12.00
# Visual Studio Version 17
VisualStudioVersion = 17.14.36401.2 d17.14
MinimumVisualStudioVersion = 10.0.40219.1
Project("{FAE04EC0-301F-11D3-BF4B-00C04F79EFBC}") = "ProductWebApp", "ProductWebApp.csproj", "{46E3CF5B-5D4A-4380-A246-2448D16BDDA7}"
EndProject
Global
	GlobalSection(SolutionConfigurationPlatforms) = preSolution
		Debug|Any CPU = Debug|Any CPU
		Release|Any CPU = Release|Any CPU
	EndGlobalSection
	GlobalSection(ProjectConfigurationPlatforms) = postSolution
		{46E3CF5B-5D4A-4380-A246-2448D16BDDA7}.Debug|Any CPU.ActiveCfg = Debug|Any CPU
		{46E3CF5B-5D4A-4380-A246-2448D16BDDA7}.Debug|Any CPU.Build.0 = Debug|Any CPU
		{46E3CF5B-5D4A-4380-A246-2448D16BDDA7}.Release|Any CPU.ActiveCfg = Release|Any CPU
		{46E3CF5B-5D4A-4380-A246-2448D16BDDA7}.Release|Any CPU.Build.0 = Release|Any CPU
	EndGlobalSection
	GlobalSection(SolutionProperties) = preSolution
		HideSolutionNode = FALSE
	EndGlobalSection
	GlobalSection(ExtensibilityGlobals) = postSolution
		SolutionGuid = {85E6F6A2-D726-447F-AD8D-D4CC9CB92162}
	EndGlobalSection
EndGlobal
